
Microsoft Visual Studio Solution File, Format Version 12.00
# Visual Studio Version 16
VisualStudioVersion = 16.0.809.1
MinimumVisualStudioVersion = 10.0.40219.1
Project("{FAE04EC0-301F-11D3-BF4B-00C04F79EFBC}") = "List", "List\List.csproj", "{1D496E1E-D0C7-43EF-A40A-26FBE8005D71}"
EndProject
Project("{FAE04EC0-301F-11D3-BF4B-00C04F79EFBC}") = "List.Tests", "List.Tests\List.Tests.csproj", "{9E5DB20C-ABE2-4494-9603-20DD0313403B}"
EndProject
Global
	GlobalSection(SolutionConfigurationPlatforms) = preSolution
		Debug|Any CPU = Debug|Any CPU
		Release|Any CPU = Release|Any CPU
	EndGlobalSection
	GlobalSection(ProjectConfigurationPlatforms) = postSolution
		{1D496E1E-D0C7-43EF-A40A-26FBE8005D71}.Debug|Any CPU.ActiveCfg = Debug|Any CPU
		{1D496E1E-D0C7-43EF-A40A-26FBE8005D71}.Debug|Any CPU.Build.0 = Debug|Any CPU
		{1D496E1E-D0C7-43EF-A40A-26FBE8005D71}.Release|Any CPU.ActiveCfg = Release|Any CPU
		{1D496E1E-D0C7-43EF-A40A-26FBE8005D71}.Release|Any CPU.Build.0 = Release|Any CPU
		{9E5DB20C-ABE2-4494-9603-20DD0313403B}.Debug|Any CPU.ActiveCfg = Debug|Any CPU
		{9E5DB20C-ABE2-4494-9603-20DD0313403B}.Debug|Any CPU.Build.0 = Debug|Any CPU
		{9E5DB20C-ABE2-4494-9603-20DD0313403B}.Release|Any CPU.ActiveCfg = Release|Any CPU
		{9E5DB20C-ABE2-4494-9603-20DD0313403B}.Release|Any CPU.Build.0 = Release|Any CPU
	EndGlobalSection
	GlobalSection(SolutionProperties) = preSolution
		HideSolutionNode = FALSE
	EndGlobalSection
	GlobalSection(ExtensibilityGlobals) = postSolution
		SolutionGuid = {FB835998-30E9-43EE-B1BE-7A302B40890E}
	EndGlobalSection
EndGlobal
